{
  "requires": true,
  "lockfileVersion": 1,
  "dependencies": {
    "bootstrap": {
      "version": "3.4.1",
      "resolved": "https://registry.nlark.com/bootstrap/download/bootstrap-3.4.1.tgz?cache=0&other_urls=https%3A%2F%2Fregistry.nlark.com%2Fbootstrap%2Fdownload%2Fbootstrap-3.4.1.tgz",
      "integrity": "sha1-w6NH1Bniia0R9AM+PEEyuHwIHXI="
    }
  }
}
